
Microsoft Visual Studio Solution File, Format Version 12.00
# Visual Studio 15
VisualStudioVersion = 15.0.27130.2027
MinimumVisualStudioVersion = 10.0.40219.1
Project("{FAE04EC0-301F-11D3-BF4B-00C04F79EFBC}") = "Products", "Producten\Products.csproj", "{80A41011-8392-4485-85C2-3F73A32F1CB5}"
EndProject
Project("{FAE04EC0-301F-11D3-BF4B-00C04F79EFBC}") = "Products.Tests", "Products.Tests\Products.Tests.csproj", "{681DB171-28E9-4A02-8253-2D47F906BA03}"
EndProject
Global
	GlobalSection(SolutionConfigurationPlatforms) = preSolution
		Debug|Any CPU = Debug|Any CPU
		Release|Any CPU = Release|Any CPU
	EndGlobalSection
	GlobalSection(ProjectConfigurationPlatforms) = postSolution
		{80A41011-8392-4485-85C2-3F73A32F1CB5}.Debug|Any CPU.ActiveCfg = Debug|Any CPU
		{80A41011-8392-4485-85C2-3F73A32F1CB5}.Debug|Any CPU.Build.0 = Debug|Any CPU
		{80A41011-8392-4485-85C2-3F73A32F1CB5}.Release|Any CPU.ActiveCfg = Release|Any CPU
		{80A41011-8392-4485-85C2-3F73A32F1CB5}.Release|Any CPU.Build.0 = Release|Any CPU
		{681DB171-28E9-4A02-8253-2D47F906BA03}.Debug|Any CPU.ActiveCfg = Debug|Any CPU
		{681DB171-28E9-4A02-8253-2D47F906BA03}.Debug|Any CPU.Build.0 = Debug|Any CPU
		{681DB171-28E9-4A02-8253-2D47F906BA03}.Release|Any CPU.ActiveCfg = Release|Any CPU
		{681DB171-28E9-4A02-8253-2D47F906BA03}.Release|Any CPU.Build.0 = Release|Any CPU
	EndGlobalSection
	GlobalSection(SolutionProperties) = preSolution
		HideSolutionNode = FALSE
	EndGlobalSection
	GlobalSection(ExtensibilityGlobals) = postSolution
		SolutionGuid = {0A30B938-8871-4FF7-A757-2B711108673F}
	EndGlobalSection
EndGlobal
